# This file is automatically @generated by Cargo.
# It is not intended for manual editing.
version = 4

[[package]]
name = "hg_core"
version = "0.1.0"

[[package]]
name = "hg_fieldpack"
version = "0.1.0"
dependencies = [
 "hg_core",
]

[[package]]
name = "hg_kernel"
version = "0.1.0"
dependencies = [
 "hg_core",
]

[[package]]
name = "hg_proof"
version = "0.1.0"
dependencies = [
 "hg_core",
 "hg_fieldpack",
]

[[package]]
name = "hg_read_kernel"
version = "0.1.0"
dependencies = [
 "hg_core",
 "hg_kernel",
 "hg_runtime",
]

[[package]]
name = "hg_runtime"
version = "0.1.0"
dependencies = [
 "hg_core",
 "hg_fieldpack",
 "hg_kernel",
 "hg_proof",
]
